
Microsoft Visual Studio Solution File, Format Version 12.00
# Visual Studio Version 16
VisualStudioVersion = 16.0.32106.194
MinimumVisualStudioVersion = 10.0.40219.1
Project("{FAE04EC0-301F-11D3-BF4B-00C04F79EFBC}") = "LoopsAndRandomNumbers", "LoopsAndRandomNumbers\LoopsAndRandomNumbers.csproj", "{4DD8FEBF-5726-463B-A14F-2489A1738136}"
EndProject
Project("{FAE04EC0-301F-11D3-BF4B-00C04F79EFBC}") = "PINInfiniteLoop", "PINInfiniteLoop\PINInfiniteLoop.csproj", "{7185189F-06A0-4D60-B47A-60895A57DAD6}"
EndProject
Project("{FAE04EC0-301F-11D3-BF4B-00C04F79EFBC}") = "RandomNumber", "RandomNumber\RandomNumber.csproj", "{892491BC-8362-4AE3-87D1-D2928CE806B5}"
EndProject
Project("{FAE04EC0-301F-11D3-BF4B-00C04F79EFBC}") = "GuessingGameInfinite", "GuessingGameInfinite\GuessingGameInfinite.csproj", "{E73733A0-731D-47F9-8BA6-9F417582FDFA}"
EndProject
Project("{FAE04EC0-301F-11D3-BF4B-00C04F79EFBC}") = "GuessingGameThreeTries", "GuessingGameThreeTries\GuessingGameThreeTries.csproj", "{1ED173FA-AF17-49DD-8A08-1260395EFCCD}"
EndProject
Global
	GlobalSection(SolutionConfigurationPlatforms) = preSolution
		Debug|Any CPU = Debug|Any CPU
		Release|Any CPU = Release|Any CPU
	EndGlobalSection
	GlobalSection(ProjectConfigurationPlatforms) = postSolution
		{4DD8FEBF-5726-463B-A14F-2489A1738136}.Debug|Any CPU.ActiveCfg = Debug|Any CPU
		{4DD8FEBF-5726-463B-A14F-2489A1738136}.Debug|Any CPU.Build.0 = Debug|Any CPU
		{4DD8FEBF-5726-463B-A14F-2489A1738136}.Release|Any CPU.ActiveCfg = Release|Any CPU
		{4DD8FEBF-5726-463B-A14F-2489A1738136}.Release|Any CPU.Build.0 = Release|Any CPU
		{7185189F-06A0-4D60-B47A-60895A57DAD6}.Debug|Any CPU.ActiveCfg = Debug|Any CPU
		{7185189F-06A0-4D60-B47A-60895A57DAD6}.Debug|Any CPU.Build.0 = Debug|Any CPU
		{7185189F-06A0-4D60-B47A-60895A57DAD6}.Release|Any CPU.ActiveCfg = Release|Any CPU
		{7185189F-06A0-4D60-B47A-60895A57DAD6}.Release|Any CPU.Build.0 = Release|Any CPU
		{892491BC-8362-4AE3-87D1-D2928CE806B5}.Debug|Any CPU.ActiveCfg = Debug|Any CPU
		{892491BC-8362-4AE3-87D1-D2928CE806B5}.Debug|Any CPU.Build.0 = Debug|Any CPU
		{892491BC-8362-4AE3-87D1-D2928CE806B5}.Release|Any CPU.ActiveCfg = Release|Any CPU
		{892491BC-8362-4AE3-87D1-D2928CE806B5}.Release|Any CPU.Build.0 = Release|Any CPU
		{E73733A0-731D-47F9-8BA6-9F417582FDFA}.Debug|Any CPU.ActiveCfg = Debug|Any CPU
		{E73733A0-731D-47F9-8BA6-9F417582FDFA}.Debug|Any CPU.Build.0 = Debug|Any CPU
		{E73733A0-731D-47F9-8BA6-9F417582FDFA}.Release|Any CPU.ActiveCfg = Release|Any CPU
		{E73733A0-731D-47F9-8BA6-9F417582FDFA}.Release|Any CPU.Build.0 = Release|Any CPU
		{1ED173FA-AF17-49DD-8A08-1260395EFCCD}.Debug|Any CPU.ActiveCfg = Debug|Any CPU
		{1ED173FA-AF17-49DD-8A08-1260395EFCCD}.Debug|Any CPU.Build.0 = Debug|Any CPU
		{1ED173FA-AF17-49DD-8A08-1260395EFCCD}.Release|Any CPU.ActiveCfg = Release|Any CPU
		{1ED173FA-AF17-49DD-8A08-1260395EFCCD}.Release|Any CPU.Build.0 = Release|Any CPU
	EndGlobalSection
	GlobalSection(SolutionProperties) = preSolution
		HideSolutionNode = FALSE
	EndGlobalSection
	GlobalSection(ExtensibilityGlobals) = postSolution
		SolutionGuid = {6BF01B90-A922-4951-A41C-01C22CDDBCD2}
	EndGlobalSection
EndGlobal
